// !$*UTF8*$!
{
	archiveVersion = 1;
	classes = {
	};
	objectVersion = 56;
	objects = {

/* Begin PBXBuildFile section */
		6854A6882BB093A600197CE6 /* RealityKitContent in Frameworks */ = {isa = PBXBuildFile; productRef = 6854A6872BB093A600197CE6 /* RealityKitContent */; };
		6854A68A2BB093A600197CE6 /* Snow1App.swift in Sources */ = {isa = PBXBuildFile; fileRef = 6854A6892BB093A600197CE6 /* Snow1App.swift */; };
		6854A68C2BB093A600197CE6 /* ContentView.swift in Sources */ = {isa = PBXBuildFile; fileRef = 6854A68B2BB093A600197CE6 /* ContentView.swift */; };
		6854A68E2BB093A600197CE6 /* ImmersiveView.swift in Sources */ = {isa = PBXBuildFile; fileRef = 6854A68D2BB093A600197CE6 /* ImmersiveView.swift */; };
		6854A6902BB093A800197CE6 /* Assets.xcassets in Resources */ = {isa = PBXBuildFile; fileRef = 6854A68F2BB093A800197CE6 /* Assets.xcassets */; };
		6854A6932BB093A800197CE6 /* Preview Assets.xcassets in Resources */ = {isa = PBXBuildFile; fileRef = 6854A6922BB093A800197CE6 /* Preview Assets.xcassets */; };
		6854A69E2BB093A800197CE6 /* Snow1Tests.swift in Sources */ = {isa = PBXBuildFile; fileRef = 6854A69D2BB093A800197CE6 /* Snow1Tests.swift */; };
/* End PBXBuildFile section */

/* Begin PBXContainerItemProxy section */
		6854A69A2BB093A800197CE6 /* PBXContainerItemProxy */ = {
			isa = PBXContainerItemProxy;
			containerPortal = 6854A67A2BB093A600197CE6 /* Project object */;
			proxyType = 1;
			remoteGlobalIDString = 6854A6812BB093A600197CE6;
			remoteInfo = Snow1;
		};
/* End PBXContainerItemProxy section */

/* Begin PBXFileReference section */
		6854A6822BB093A600197CE6 /* Snow1.app */ = {isa = PBXFileReference; explicitFileType = wrapper.application; includeInIndex = 0; path = Snow1.app; sourceTree = BUILT_PRODUCTS_DIR; };
		6854A6862BB093A600197CE6 /* RealityKitContent */ = {isa = PBXFileReference; lastKnownFileType = wrapper; path = RealityKitContent; sourceTree = "<group>"; };
		6854A6892BB093A600197CE6 /* Snow1App.swift */ = {isa = PBXFileReference; lastKnownFileType = sourcecode.swift; path = Snow1App.swift; sourceTree = "<group>"; };
		6854A68B2BB093A600197CE6 /* ContentView.swift */ = {isa = PBXFileReference; lastKnownFileType = sourcecode.swift; path = ContentView.swift; sourceTree = "<group>"; };
		6854A68D2BB093A600197CE6 /* ImmersiveView.swift */ = {isa = PBXFileReference; lastKnownFileType = sourcecode.swift; path = ImmersiveView.swift; sourceTree = "<group>"; };
		6854A68F2BB093A800197CE6 /* Assets.xcassets */ = {isa = PBXFileReference; lastKnownFileType = folder.assetcatalog; path = Assets.xcassets; sourceTree = "<group>"; };
		6854A6922BB093A800197CE6 /* Preview Assets.xcassets */ = {isa = PBXFileReference; lastKnownFileType = folder.assetcatalog; path = "Preview Assets.xcassets"; sourceTree = "<group>"; };
		6854A6942BB093A800197CE6 /* Info.plist */ = {isa = PBXFileReference; lastKnownFileType = text.plist.xml; path = Info.plist; sourceTree = "<group>"; };
		6854A6992BB093A800197CE6 /* Snow1Tests.xctest */ = {isa = PBXFileReference; explicitFileType = wrapper.cfbundle; includeInIndex = 0; path = Snow1Tests.xctest; sourceTree = BUILT_PRODUCTS_DIR; };
		6854A69D2BB093A800197CE6 /* Snow1Tests.swift */ = {isa = PBXFileReference; lastKnownFileType = sourcecode.swift; path = Snow1Tests.swift; sourceTree = "<group>"; };
/* End PBXFileReference section */

/* Begin PBXFrameworksBuildPhase section */
		6854A67F2BB093A600197CE6 /* Frameworks */ = {
			isa = PBXFrameworksBuildPhase;
			buildActionMask = 2147483647;
			files = (
				6854A6882BB093A600197CE6 /* RealityKitContent in Frameworks */,
			);
			runOnlyForDeploymentPostprocessing = 0;
		};
		6854A6962BB093A800197CE6 /* Frameworks */ = {
			isa = PBXFrameworksBuildPhase;
			buildActionMask = 2147483647;
			files = (
			);
			runOnlyForDeploymentPostprocessing = 0;
		};
/* End PBXFrameworksBuildPhase section */

/* Begin PBXGroup section */
		6854A6792BB093A600197CE6 = {
			isa = PBXGroup;
			children = (
				6854A6842BB093A600197CE6 /* Snow1 */,
				6854A6852BB093A600197CE6 /* Packages */,
				6854A69C2BB093A800197CE6 /* Snow1Tests */,
				6854A6832BB093A600197CE6 /* Products */,
			);
			sourceTree = "<group>";
		};
		6854A6832BB093A600197CE6 /* Products */ = {
			isa = PBXGroup;
			children = (
				6854A6822BB093A600197CE6 /* Snow1.app */,
				6854A6992BB093A800197CE6 /* Snow1Tests.xctest */,
			);
			name = Products;
			sourceTree = "<group>";
		};
		6854A6842BB093A600197CE6 /* Snow1 */ = {
			isa = PBXGroup;
			children = (
				6854A6892BB093A600197CE6 /* Snow1App.swift */,
				6854A68B2BB093A600197CE6 /* ContentView.swift */,
				6854A68D2BB093A600197CE6 /* ImmersiveView.swift */,
				6854A68F2BB093A800197CE6 /* Assets.xcassets */,
				6854A6942BB093A800197CE6 /* Info.plist */,
				6854A6912BB093A800197CE6 /* Preview Content */,
			);
			path = Snow1;
			sourceTree = "<group>";
		};
		6854A6852BB093A600197CE6 /* Packages */ = {
			isa = PBXGroup;
			children = (
				6854A6862BB093A600197CE6 /* RealityKitContent */,
			);
			path = Packages;
			sourceTree = "<group>";
		};
		6854A6912BB093A800197CE6 /* Preview Content */ = {
			isa = PBXGroup;
			children = (
				6854A6922BB093A800197CE6 /* Preview Assets.xcassets */,
			);
			path = "Preview Content";
			sourceTree = "<group>";
		};
		6854A69C2BB093A800197CE6 /* Snow1Tests */ = {
			isa = PBXGroup;
			children = (
				6854A69D2BB093A800197CE6 /* Snow1Tests.swift */,
			);
			path = Snow1Tests;
			sourceTree = "<group>";
		};
/* End PBXGroup section */

/* Begin PBXNativeTarget section */
		6854A6812BB093A600197CE6 /* Snow1 */ = {
			isa = PBXNativeTarget;
			buildConfigurationList = 6854A6A12BB093A800197CE6 /* Build configuration list for PBXNativeTarget "Snow1" */;
			buildPhases = (
				6854A67E2BB093A600197CE6 /* Sources */,
				6854A67F2BB093A600197CE6 /* Frameworks */,
				6854A6802BB093A600197CE6 /* Resources */,
			);
			buildRules = (
			);
			dependencies = (
			);
			name = Snow1;
			packageProductDependencies = (
				6854A6872BB093A600197CE6 /* RealityKitContent */,
			);
			productName = Snow1;
			productReference = 6854A6822BB093A600197CE6 /* Snow1.app */;
			productType = "com.apple.product-type.application";
		};
		6854A6982BB093A800197CE6 /* Snow1Tests */ = {
			isa = PBXNativeTarget;
			buildConfigurationList = 6854A6A42BB093A800197CE6 /* Build configuration list for PBXNativeTarget "Snow1Tests" */;
			buildPhases = (
				6854A6952BB093A800197CE6 /* Sources */,
				6854A6962BB093A800197CE6 /* Frameworks */,
				6854A6972BB093A800197CE6 /* Resources */,
			);
			buildRules = (
			);
			dependencies = (
				6854A69B2BB093A800197CE6 /* PBXTargetDependency */,
			);
			name = Snow1Tests;
			productName = Snow1Tests;
			productReference = 6854A6992BB093A800197CE6 /* Snow1Tests.xctest */;
			productType = "com.apple.product-type.bundle.unit-test";
		};
/* End PBXNativeTarget section */

/* Begin PBXProject section */
		6854A67A2BB093A600197CE6 /* Project object */ = {
			isa = PBXProject;
			attributes = {
				BuildIndependentTargetsInParallel = 1;
				LastSwiftUpdateCheck = 1520;
				LastUpgradeCheck = 1520;
				TargetAttributes = {
					6854A6812BB093A600197CE6 = {
						CreatedOnToolsVersion = 15.2;
					};
					6854A6982BB093A800197CE6 = {
						CreatedOnToolsVersion = 15.2;
						TestTargetID = 6854A6812BB093A600197CE6;
					};
				};
			};
			buildConfigurationList = 6854A67D2BB093A600197CE6 /* Build configuration list for PBXProject "Snow1" */;
			compatibilityVersion = "Xcode 14.0";
			developmentRegion = en;
			hasScannedForEncodings = 0;
			knownRegions = (
				en,
				Base,
			);
			mainGroup = 6854A6792BB093A600197CE6;
			productRefGroup = 6854A6832BB093A600197CE6 /* Products */;
			projectDirPath = "";
			projectRoot = "";
			targets = (
				6854A6812BB093A600197CE6 /* Snow1 */,
				6854A6982BB093A800197CE6 /* Snow1Tests */,
			);
		};
/* End PBXProject section */

/* Begin PBXResourcesBuildPhase section */
		6854A6802BB093A600197CE6 /* Resources */ = {
			isa = PBXResourcesBuildPhase;
			buildActionMask = 2147483647;
			files = (
				6854A6932BB093A800197CE6 /* Preview Assets.xcassets in Resources */,
				6854A6902BB093A800197CE6 /* Assets.xcassets in Resources */,
			);
			runOnlyForDeploymentPostprocessing = 0;
		};
		6854A6972BB093A800197CE6 /* Resources */ = {
			isa = PBXResourcesBuildPhase;
			buildActionMask = 2147483647;
			files = (
			);
			runOnlyForDeploymentPostprocessing = 0;
		};
/* End PBXResourcesBuildPhase section */

/* Begin PBXSourcesBuildPhase section */
		6854A67E2BB093A600197CE6 /* Sources */ = {
			isa = PBXSourcesBuildPhase;
			buildActionMask = 2147483647;
			files = (
				6854A68C2BB093A600197CE6 /* ContentView.swift in Sources */,
				6854A68A2BB093A600197CE6 /* Snow1App.swift in Sources */,
				6854A68E2BB093A600197CE6 /* ImmersiveView.swift in Sources */,
			);
			runOnlyForDeploymentPostprocessing = 0;
		};
		6854A6952BB093A800197CE6 /* Sources */ = {
			isa = PBXSourcesBuildPhase;
			buildActionMask = 2147483647;
			files = (
				6854A69E2BB093A800197CE6 /* Snow1Tests.swift in Sources */,
			);
			runOnlyForDeploymentPostprocessing = 0;
		};
/* End PBXSourcesBuildPhase section */

/* Begin PBXTargetDependency section */
		6854A69B2BB093A800197CE6 /* PBXTargetDependency */ = {
			isa = PBXTargetDependency;
			target = 6854A6812BB093A600197CE6 /* Snow1 */;
			targetProxy = 6854A69A2BB093A800197CE6 /* PBXContainerItemProxy */;
		};
/* End PBXTargetDependency section */

/* Begin XCBuildConfiguration section */
		6854A69F2BB093A800197CE6 /* Debug */ = {
			isa = XCBuildConfiguration;
			buildSettings = {
				ALWAYS_SEARCH_USER_PATHS = NO;
				ASSETCATALOG_COMPILER_GENERATE_SWIFT_ASSET_SYMBOL_EXTENSIONS = YES;
				CLANG_ANALYZER_NONNULL = YES;
				CLANG_ANALYZER_NUMBER_OBJECT_CONVERSION = YES_AGGRESSIVE;
				CLANG_CXX_LANGUAGE_STANDARD = "gnu++20";
				CLANG_ENABLE_MODULES = YES;
				CLANG_ENABLE_OBJC_ARC = YES;
				CLANG_ENABLE_OBJC_WEAK = YES;
				CLANG_WARN_BLOCK_CAPTURE_AUTORELEASING = YES;
				CLANG_WARN_BOOL_CONVERSION = YES;
				CLANG_WARN_COMMA = YES;
				CLANG_WARN_CONSTANT_CONVERSION = YES;
				CLANG_WARN_DEPRECATED_OBJC_IMPLEMENTATIONS = YES;
				CLANG_WARN_DIRECT_OBJC_ISA_USAGE = YES_ERROR;
				CLANG_WARN_DOCUMENTATION_COMMENTS = YES;
				CLANG_WARN_EMPTY_BODY = YES;
				CLANG_WARN_ENUM_CONVERSION = YES;
				CLANG_WARN_INFINITE_RECURSION = YES;
				CLANG_WARN_INT_CONVERSION = YES;
				CLANG_WARN_NON_LITERAL_NULL_CONVERSION = YES;
				CLANG_WARN_OBJC_IMPLICIT_RETAIN_SELF = YES;
				CLANG_WARN_OBJC_LITERAL_CONVERSION = YES;
				CLANG_WARN_OBJC_ROOT_CLASS = YES_ERROR;
				CLANG_WARN_QUOTED_INCLUDE_IN_FRAMEWORK_HEADER = YES;
				CLANG_WARN_RANGE_LOOP_ANALYSIS = YES;
				CLANG_WARN_STRICT_PROTOTYPES = YES;
				CLANG_WARN_SUSPICIOUS_MOVE = YES;
				CLANG_WARN_UNGUARDED_AVAILABILITY = YES_AGGRESSIVE;
				CLANG_WARN_UNREACHABLE_CODE = YES;
				CLANG_WARN__DUPLICATE_METHOD_MATCH = YES;
				COPY_PHASE_STRIP = NO;
				DEBUG_INFORMATION_FORMAT = dwarf;
				ENABLE_STRICT_OBJC_MSGSEND = YES;
				ENABLE_TESTABILITY = YES;
				ENABLE_USER_SCRIPT_SANDBOXING = YES;
				GCC_C_LANGUAGE_STANDARD = gnu17;
				GCC_DYNAMIC_NO_PIC = NO;
				GCC_NO_COMMON_BLOCKS = YES;
				GCC_OPTIMIZATION_LEVEL = 0;
				GCC_PREPROCESSOR_DEFINITIONS = (
					"DEBUG=1",
					"$(inherited)",
				);
				GCC_WARN_64_TO_32_BIT_CONVERSION = YES;
				GCC_WARN_ABOUT_RETURN_TYPE = YES_ERROR;
				GCC_WARN_UNDECLARED_SELECTOR = YES;
				GCC_WARN_UNINITIALIZED_AUTOS = YES_AGGRESSIVE;
				GCC_WARN_UNUSED_FUNCTION = YES;
				GCC_WARN_UNUSED_VARIABLE = YES;
				LOCALIZATION_PREFERS_STRING_CATALOGS = YES;
				MTL_ENABLE_DEBUG_INFO = INCLUDE_SOURCE;
				MTL_FAST_MATH = YES;
				ONLY_ACTIVE_ARCH = YES;
				SDKROOT = xros;
				SWIFT_ACTIVE_COMPILATION_CONDITIONS = "DEBUG $(inherited)";
				SWIFT_OPTIMIZATION_LEVEL = "-Onone";
				XROS_DEPLOYMENT_TARGET = 1.0;
			};
			name = Debug;
		};
		6854A6A02BB093A800197CE6 /* Release */ = {
			isa = XCBuildConfiguration;
			buildSettings = {
				ALWAYS_SEARCH_USER_PATHS = NO;
				ASSETCATALOG_COMPILER_GENERATE_SWIFT_ASSET_SYMBOL_EXTENSIONS = YES;
				CLANG_ANALYZER_NONNULL = YES;
				CLANG_ANALYZER_NUMBER_OBJECT_CONVERSION = YES_AGGRESSIVE;
				CLANG_CXX_LANGUAGE_STANDARD = "gnu++20";
				CLANG_ENABLE_MODULES = YES;
				CLANG_ENABLE_OBJC_ARC = YES;
				CLANG_ENABLE_OBJC_WEAK = YES;
				CLANG_WARN_BLOCK_CAPTURE_AUTORELEASING = YES;
				CLANG_WARN_BOOL_CONVERSION = YES;
				CLANG_WARN_COMMA = YES;
				CLANG_WARN_CONSTANT_CONVERSION = YES;
				CLANG_WARN_DEPRECATED_OBJC_IMPLEMENTATIONS = YES;
				CLANG_WARN_DIRECT_OBJC_ISA_USAGE = YES_ERROR;
				CLANG_WARN_DOCUMENTATION_COMMENTS = YES;
				CLANG_WARN_EMPTY_BODY = YES;
				CLANG_WARN_ENUM_CONVERSION = YES;
				CLANG_WARN_INFINITE_RECURSION = YES;
				CLANG_WARN_INT_CONVERSION = YES;
				CLANG_WARN_NON_LITERAL_NULL_CONVERSION = YES;
				CLANG_WARN_OBJC_IMPLICIT_RETAIN_SELF = YES;
				CLANG_WARN_OBJC_LITERAL_CONVERSION = YES;
				CLANG_WARN_OBJC_ROOT_CLASS = YES_ERROR;
				CLANG_WARN_QUOTED_INCLUDE_IN_FRAMEWORK_HEADER = YES;
				CLANG_WARN_RANGE_LOOP_ANALYSIS = YES;
				CLANG_WARN_STRICT_PROTOTYPES = YES;
				CLANG_WARN_SUSPICIOUS_MOVE = YES;
				CLANG_WARN_UNGUARDED_AVAILABILITY = YES_AGGRESSIVE;
				CLANG_WARN_UNREACHABLE_CODE = YES;
				CLANG_WARN__DUPLICATE_METHOD_MATCH = YES;
				COPY_PHASE_STRIP = NO;
				DEBUG_INFORMATION_FORMAT = "dwarf-with-dsym";
				ENABLE_NS_ASSERTIONS = NO;
				ENABLE_STRICT_OBJC_MSGSEND = YES;
				ENABLE_USER_SCRIPT_SANDBOXING = YES;
				GCC_C_LANGUAGE_STANDARD = gnu17;
				GCC_NO_COMMON_BLOCKS = YES;
				GCC_WARN_64_TO_32_BIT_CONVERSION = YES;
				GCC_WARN_ABOUT_RETURN_TYPE = YES_ERROR;
				GCC_WARN_UNDECLARED_SELECTOR = YES;
				GCC_WARN_UNINITIALIZED_AUTOS = YES_AGGRESSIVE;
				GCC_WARN_UNUSED_FUNCTION = YES;
				GCC_WARN_UNUSED_VARIABLE = YES;
				LOCALIZATION_PREFERS_STRING_CATALOGS = YES;
				MTL_ENABLE_DEBUG_INFO = NO;
				MTL_FAST_MATH = YES;
				SDKROOT = xros;
				SWIFT_COMPILATION_MODE = wholemodule;
				VALIDATE_PRODUCT = YES;
				XROS_DEPLOYMENT_TARGET = 1.0;
			};
			name = Release;
		};
		6854A6A22BB093A800197CE6 /* Debug */ = {
			isa = XCBuildConfiguration;
			buildSettings = {
				ASSETCATALOG_COMPILER_APPICON_NAME = AppIcon;
				ASSETCATALOG_COMPILER_GLOBAL_ACCENT_COLOR_NAME = AccentColor;
				CODE_SIGN_STYLE = Automatic;
				CURRENT_PROJECT_VERSION = 1;
				DEVELOPMENT_ASSET_PATHS = "\"Snow1/Preview Content\"";
				DEVELOPMENT_TEAM = P4W4TBSS4B;
				ENABLE_PREVIEWS = YES;
				GENERATE_INFOPLIST_FILE = YES;
				INFOPLIST_FILE = "$(TARGET_NAME)/Info.plist";
				LD_RUNPATH_SEARCH_PATHS = (
					"$(inherited)",
					"@executable_path/Frameworks",
				);
				MARKETING_VERSION = 1.0;
				PRODUCT_BUNDLE_IDENTIFIER = com.madebyharish.Snow1;
				PRODUCT_NAME = "$(TARGET_NAME)";
				SUPPORTED_PLATFORMS = "xros xrsimulator";
				SWIFT_EMIT_LOC_STRINGS = YES;
				SWIFT_VERSION = 5.0;
				TARGETED_DEVICE_FAMILY = "1,2,7";
			};
			name = Debug;
		};
		6854A6A32BB093A800197CE6 /* Release */ = {
			isa = XCBuildConfiguration;
			buildSettings = {
				ASSETCATALOG_COMPILER_APPICON_NAME = AppIcon;
				ASSETCATALOG_COMPILER_GLOBAL_ACCENT_COLOR_NAME = AccentColor;
				CODE_SIGN_STYLE = Automatic;
				CURRENT_PROJECT_VERSION = 1;
				DEVELOPMENT_ASSET_PATHS = "\"Snow1/Preview Content\"";
				DEVELOPMENT_TEAM = P4W4TBSS4B;
				ENABLE_PREVIEWS = YES;
				GENERATE_INFOPLIST_FILE = YES;
				INFOPLIST_FILE = "$(TARGET_NAME)/Info.plist";
				LD_RUNPATH_SEARCH_PATHS = (
					"$(inherited)",
					"@executable_path/Frameworks",
				);
				MARKETING_VERSION = 1.0;
				PRODUCT_BUNDLE_IDENTIFIER = com.madebyharish.Snow1;
				PRODUCT_NAME = "$(TARGET_NAME)";
				SUPPORTED_PLATFORMS = "xros xrsimulator";
				SWIFT_EMIT_LOC_STRINGS = YES;
				SWIFT_VERSION = 5.0;
				TARGETED_DEVICE_FAMILY = "1,2,7";
			};
			name = Release;
		};
		6854A6A52BB093A800197CE6 /* Debug */ = {
			isa = XCBuildConfiguration;
			buildSettings = {
				ALWAYS_EMBED_SWIFT_STANDARD_LIBRARIES = YES;
				BUNDLE_LOADER = "$(TEST_HOST)";
				CODE_SIGN_STYLE = Automatic;
				CURRENT_PROJECT_VERSION = 1;
				DEVELOPMENT_TEAM = P4W4TBSS4B;
				GENERATE_INFOPLIST_FILE = YES;
				MARKETING_VERSION = 1.0;
				PRODUCT_BUNDLE_IDENTIFIER = com.madebyharish.Snow1Tests;
				PRODUCT_NAME = "$(TARGET_NAME)";
				SUPPORTED_PLATFORMS = "xros xrsimulator";
				SWIFT_EMIT_LOC_STRINGS = NO;
				SWIFT_VERSION = 5.0;
				TARGETED_DEVICE_FAMILY = "1,2,7";
				TEST_HOST = "$(BUILT_PRODUCTS_DIR)/Snow1.app/$(BUNDLE_EXECUTABLE_FOLDER_PATH)/Snow1";
				XROS_DEPLOYMENT_TARGET = 1.0;
			};
			name = Debug;
		};
		6854A6A62BB093A800197CE6 /* Release */ = {
			isa = XCBuildConfiguration;
			buildSettings = {
				ALWAYS_EMBED_SWIFT_STANDARD_LIBRARIES = YES;
				BUNDLE_LOADER = "$(TEST_HOST)";
				CODE_SIGN_STYLE = Automatic;
				CURRENT_PROJECT_VERSION = 1;
				DEVELOPMENT_TEAM = P4W4TBSS4B;
				GENERATE_INFOPLIST_FILE = YES;
				MARKETING_VERSION = 1.0;
				PRODUCT_BUNDLE_IDENTIFIER = com.madebyharish.Snow1Tests;
				PRODUCT_NAME = "$(TARGET_NAME)";
				SUPPORTED_PLATFORMS = "xros xrsimulator";
				SWIFT_EMIT_LOC_STRINGS = NO;
				SWIFT_VERSION = 5.0;
				TARGETED_DEVICE_FAMILY = "1,2,7";
				TEST_HOST = "$(BUILT_PRODUCTS_DIR)/Snow1.app/$(BUNDLE_EXECUTABLE_FOLDER_PATH)/Snow1";
				XROS_DEPLOYMENT_TARGET = 1.0;
			};
			name = Release;
		};
/* End XCBuildConfiguration section */

/* Begin XCConfigurationList section */
		6854A67D2BB093A600197CE6 /* Build configuration list for PBXProject "Snow1" */ = {
			isa = XCConfigurationList;
			buildConfigurations = (
				6854A69F2BB093A800197CE6 /* Debug */,
				6854A6A02BB093A800197CE6 /* Release */,
			);
			defaultConfigurationIsVisible = 0;
			defaultConfigurationName = Release;
		};
		6854A6A12BB093A800197CE6 /* Build configuration list for PBXNativeTarget "Snow1" */ = {
			isa = XCConfigurationList;
			buildConfigurations = (
				6854A6A22BB093A800197CE6 /* Debug */,
				6854A6A32BB093A800197CE6 /* Release */,
			);
			defaultConfigurationIsVisible = 0;
			defaultConfigurationName = Release;
		};
		6854A6A42BB093A800197CE6 /* Build configuration list for PBXNativeTarget "Snow1Tests" */ = {
			isa = XCConfigurationList;
			buildConfigurations = (
				6854A6A52BB093A800197CE6 /* Debug */,
				6854A6A62BB093A800197CE6 /* Release */,
			);
			defaultConfigurationIsVisible = 0;
			defaultConfigurationName = Release;
		};
/* End XCConfigurationList section */

/* Begin XCSwiftPackageProductDependency section */
		6854A6872BB093A600197CE6 /* RealityKitContent */ = {
			isa = XCSwiftPackageProductDependency;
			productName = RealityKitContent;
		};
/* End XCSwiftPackageProductDependency section */
	};
	rootObject = 6854A67A2BB093A600197CE6 /* Project object */;
}
